{
  "version": 4,
  "terraform_version": "1.3.7",
  "serial": 20,
  "lineage": "0f76ba7f-16e3-5133-9ee1-b63f7829cbb5",
  "outputs": {},
  "resources": [
    {
      "mode": "managed",
      "type": "kubevirt_virtual_machine_instance_replica_set",
      "name": "virtual_machine_instance_replica_set",
      "provider": "provider[\"example.com/exampleprovider/kubevirt\"]",
      "instances": [
        {
          "schema_version": 0,
          "attributes": {
            "id": "test/testcmcc",
            "metadata": [
              {
                "annotations": {
                  "kubevirt.io/latest-observed-api-version": "v1",
                  "kubevirt.io/storage-observed-api-version": "v1alpha3"
                },
                "generation": 1,
                "labels": null,
                "name": "testcmcc",
                "namespace": "test",
                "resource_version": "412949298",
                "self_link": "",
                "uid": "0d63e8e6-9a75-4bdc-b88e-eae18798ef87"
              }
            ],
            "spec": [
              {
                "paused": false,
                "replicas": "2",
                "selector": [
                  {
                    "match_expressions": [],
                    "match_labels": {
                      "kubevirt.io/vmReplicaSet": "testcmcc"
                    }
                  }
                ],
                "template": [
                  {
                    "metadata": [
                      {
                        "annotations": {},
                        "generation": 0,
                        "labels": {
                          "kubevirt.io/vmReplicaSet": "testcmcc"
                        },
                        "name": "",
                        "namespace": "test",
                        "resource_version": "",
                        "self_link": "",
                        "uid": ""
                      }
                    ],
                    "spec": [
                      {
                        "affinity": [],
                        "dns_policy": "",
                        "domain": [
                          {
                            "devices": [
                              {
                                "disk": [
                                  {
                                    "boot_order": 0,
                                    "disk_device": [
                                      {
                                        "disk": [
                                          {
                                            "bus": "virtio",
                                            "pci_address": "",
                                            "read_only": false
                                          }
                                        ]
                                      }
                                    ],
                                    "name": "testcmcc-datavolumedisk1",
                                    "serial": "",
                                    "tag": ""
                                  }
                                ],
                                "gpu": [],
                                "input": [],
                                "interface": [
                                  {
                                    "interface_binding_method": "InterfaceMasquerade",
                                    "model": "e1000",
                                    "name": "default"
                                  }
                                ],
                                "watchdog": null
                              }
                            ],
                            "machine": [
                              {
                                "type": ""
                              }
                            ],
                            "resources": [
                              {
                                "limits": null,
                                "over_commit_guest_overhead": false,
                                "requests": {
                                  "cpu": "4",
                                  "memory": "4G"
                                }
                              }
                            ]
                          }
                        ],
                        "eviction_strategy": "",
                        "hostname": "",
                        "liveness_probe": [],
                        "network": [
                          {
                            "name": "default",
                            "network_source": [
                              {
                                "multus": [],
                                "pod": [
                                  {
                                    "vm_network_cidr": null
                                  }
                                ]
                              }
                            ]
                          }
                        ],
                        "node_selector": null,
                        "pod_dns_config": [],
                        "priority_class_name": "",
                        "readiness_probe": [],
                        "scheduler_name": "",
                        "subdomain": "",
                        "termination_grace_period_seconds": 0,
                        "tolerations": [],
                        "volume": [
                          {
                            "name": "testcmcc-datavolumedisk1",
                            "volume_source": [
                              {
                                "cloud_init_config_drive": [],
                                "container_disk": null,
                                "data_volume": [],
                                "service_account": []
                              }
                            ]
                          }
                        ]
                      }
                    ]
                  }
                ]
              }
            ],
            "status": [
              {
                "conditions": [],
                "label_selector": "kubevirt.io/vmReplicaSet=testcmcc",
                "ready_replicas": 2,
                "replicas": 2
              }
            ],
            "timeouts": null
          },
          "sensitive_attributes": [],
          "private": "eyJlMmJmYjczMC1lY2FhLTExZTYtOGY4OC0zNDM2M2JjN2M0YzAiOnsiY3JlYXRlIjoyNDAwMDAwMDAwMDAwLCJkZWxldGUiOjMwMDAwMDAwMDAwMH19"
        }
      ]
    }
  ],
  "check_results": null
}
